
Microsoft Visual Studio Solution File, Format Version 12.00
# Visual Studio 15
VisualStudioVersion = 15.0.26124.0
MinimumVisualStudioVersion = 15.0.26124.0
Project("{2150E333-8FDC-42A3-9474-1A3956D46DE8}") = "src", "src", "{B18BF539-D2BA-4465-ABA9-C33E8D10E578}"
EndProject
Project("{FAE04EC0-301F-11D3-BF4B-00C04F79EFBC}") = "QandA", "src\QandA\qanda.csproj", "{D78B3EB2-E6AE-4014-BD2F-8E7BDBDA4E71}"
EndProject
Project("{2150E333-8FDC-42A3-9474-1A3956D46DE8}") = "test", "test", "{7AFB5F8B-E65A-4372-9F37-67A99A41F92C}"
EndProject
Project("{FAE04EC0-301F-11D3-BF4B-00C04F79EFBC}") = "QandAUnitTests", "test\QandAUnitTests\QandAUnitTests.csproj", "{4B8754B4-6BB8-4D71-955C-8CD1E40C3C2C}"
EndProject
Global
	GlobalSection(SolutionConfigurationPlatforms) = preSolution
		Debug|Any CPU = Debug|Any CPU
		Debug|x64 = Debug|x64
		Debug|x86 = Debug|x86
		Release|Any CPU = Release|Any CPU
		Release|x64 = Release|x64
		Release|x86 = Release|x86
	EndGlobalSection
	GlobalSection(SolutionProperties) = preSolution
		HideSolutionNode = FALSE
	EndGlobalSection
	GlobalSection(ProjectConfigurationPlatforms) = postSolution
		{D78B3EB2-E6AE-4014-BD2F-8E7BDBDA4E71}.Debug|Any CPU.ActiveCfg = Debug|Any CPU
		{D78B3EB2-E6AE-4014-BD2F-8E7BDBDA4E71}.Debug|Any CPU.Build.0 = Debug|Any CPU
		{D78B3EB2-E6AE-4014-BD2F-8E7BDBDA4E71}.Debug|x64.ActiveCfg = Debug|Any CPU
		{D78B3EB2-E6AE-4014-BD2F-8E7BDBDA4E71}.Debug|x64.Build.0 = Debug|Any CPU
		{D78B3EB2-E6AE-4014-BD2F-8E7BDBDA4E71}.Debug|x86.ActiveCfg = Debug|Any CPU
		{D78B3EB2-E6AE-4014-BD2F-8E7BDBDA4E71}.Debug|x86.Build.0 = Debug|Any CPU
		{D78B3EB2-E6AE-4014-BD2F-8E7BDBDA4E71}.Release|Any CPU.ActiveCfg = Release|Any CPU
		{D78B3EB2-E6AE-4014-BD2F-8E7BDBDA4E71}.Release|Any CPU.Build.0 = Release|Any CPU
		{D78B3EB2-E6AE-4014-BD2F-8E7BDBDA4E71}.Release|x64.ActiveCfg = Release|Any CPU
		{D78B3EB2-E6AE-4014-BD2F-8E7BDBDA4E71}.Release|x64.Build.0 = Release|Any CPU
		{D78B3EB2-E6AE-4014-BD2F-8E7BDBDA4E71}.Release|x86.ActiveCfg = Release|Any CPU
		{D78B3EB2-E6AE-4014-BD2F-8E7BDBDA4E71}.Release|x86.Build.0 = Release|Any CPU
		{4B8754B4-6BB8-4D71-955C-8CD1E40C3C2C}.Debug|Any CPU.ActiveCfg = Debug|Any CPU
		{4B8754B4-6BB8-4D71-955C-8CD1E40C3C2C}.Debug|Any CPU.Build.0 = Debug|Any CPU
		{4B8754B4-6BB8-4D71-955C-8CD1E40C3C2C}.Debug|x64.ActiveCfg = Debug|Any CPU
		{4B8754B4-6BB8-4D71-955C-8CD1E40C3C2C}.Debug|x64.Build.0 = Debug|Any CPU
		{4B8754B4-6BB8-4D71-955C-8CD1E40C3C2C}.Debug|x86.ActiveCfg = Debug|Any CPU
		{4B8754B4-6BB8-4D71-955C-8CD1E40C3C2C}.Debug|x86.Build.0 = Debug|Any CPU
		{4B8754B4-6BB8-4D71-955C-8CD1E40C3C2C}.Release|Any CPU.ActiveCfg = Release|Any CPU
		{4B8754B4-6BB8-4D71-955C-8CD1E40C3C2C}.Release|Any CPU.Build.0 = Release|Any CPU
		{4B8754B4-6BB8-4D71-955C-8CD1E40C3C2C}.Release|x64.ActiveCfg = Release|Any CPU
		{4B8754B4-6BB8-4D71-955C-8CD1E40C3C2C}.Release|x64.Build.0 = Release|Any CPU
		{4B8754B4-6BB8-4D71-955C-8CD1E40C3C2C}.Release|x86.ActiveCfg = Release|Any CPU
		{4B8754B4-6BB8-4D71-955C-8CD1E40C3C2C}.Release|x86.Build.0 = Release|Any CPU
	EndGlobalSection
	GlobalSection(NestedProjects) = preSolution
		{D78B3EB2-E6AE-4014-BD2F-8E7BDBDA4E71} = {B18BF539-D2BA-4465-ABA9-C33E8D10E578}
		{4B8754B4-6BB8-4D71-955C-8CD1E40C3C2C} = {7AFB5F8B-E65A-4372-9F37-67A99A41F92C}
	EndGlobalSection
EndGlobal
