
Microsoft Visual Studio Solution File, Format Version 12.00
# Visual Studio Version 16
VisualStudioVersion = 16.0.30114.105
MinimumVisualStudioVersion = 10.0.40219.1
Project("{2150E333-8FDC-42A3-9474-1A3956D46DE8}") = "src", "src", "{7C90A133-27C5-4B07-95CA-523245F4FC0F}"
EndProject
Project("{FAE04EC0-301F-11D3-BF4B-00C04F79EFBC}") = "WebApi", "src\WebApi\WebApi.csproj", "{B7581427-99C4-431B-A09F-9D1552591785}"
EndProject
Project("{FAE04EC0-301F-11D3-BF4B-00C04F79EFBC}") = "Application", "src\Application\Application.csproj", "{D2CCABCC-98B6-4E23-9629-26D4FFD1F4E9}"
EndProject
Project("{FAE04EC0-301F-11D3-BF4B-00C04F79EFBC}") = "Domain", "src\Domain\Domain.csproj", "{F8796887-D4E2-4F2C-8366-8073BF17D9D9}"
EndProject
Project("{FAE04EC0-301F-11D3-BF4B-00C04F79EFBC}") = "Infrastructure", "src\Infrastructure\Infrastructure.csproj", "{AB8B286E-B21F-4DB9-8C0C-D8410CE3C320}"
EndProject
Project("{2150E333-8FDC-42A3-9474-1A3956D46DE8}") = "tests", "tests", "{F66A0D66-701E-4ECA-B1B6-7E000FCF524C}"
EndProject
Project("{2150E333-8FDC-42A3-9474-1A3956D46DE8}") = "SolutionItems", "SolutionItems", "{B4A6FE23-69F7-4090-B96B-F6E29CA6C52A}"
	ProjectSection(SolutionItems) = preProject
		README.md = README.md
		.github\Workflow\dotnet.yml = .github\Workflow\dotnet.yml
		.github\workflows\build.yml = .github\workflows\build.yml
		.editorconfig = .editorconfig
		.gitattributes = .gitattributes
		.gitignore = .gitignore
	EndProjectSection
EndProject
Project("{FAE04EC0-301F-11D3-BF4B-00C04F79EFBC}") = "Exemplum.UnitTests", "tests\Exemplum.UnitTests\Exemplum.UnitTests.csproj", "{7A57D0E9-D9A5-4DFE-BAAF-275B9501D14B}"
EndProject
Project("{FAE04EC0-301F-11D3-BF4B-00C04F79EFBC}") = "Exemplum.IntegrationTests", "tests\Exemplum.IntegrationTests\Exemplum.IntegrationTests.csproj", "{1B60DF8B-DB4C-41C4-AFC0-92C83F0F0A8A}"
EndProject
Project("{FAE04EC0-301F-11D3-BF4B-00C04F79EFBC}") = "WebApp", "src\WebApp\WebApp.csproj", "{29195DBA-1041-4028-9D62-C6ACF77B8C2A}"
EndProject
Global
	GlobalSection(SolutionConfigurationPlatforms) = preSolution
		Debug|Any CPU = Debug|Any CPU
		Debug|x64 = Debug|x64
		Debug|x86 = Debug|x86
		Release|Any CPU = Release|Any CPU
		Release|x64 = Release|x64
		Release|x86 = Release|x86
	EndGlobalSection
	GlobalSection(SolutionProperties) = preSolution
		HideSolutionNode = FALSE
	EndGlobalSection
	GlobalSection(ProjectConfigurationPlatforms) = postSolution
		{B7581427-99C4-431B-A09F-9D1552591785}.Debug|Any CPU.ActiveCfg = Debug|Any CPU
		{B7581427-99C4-431B-A09F-9D1552591785}.Debug|Any CPU.Build.0 = Debug|Any CPU
		{B7581427-99C4-431B-A09F-9D1552591785}.Debug|x64.ActiveCfg = Debug|Any CPU
		{B7581427-99C4-431B-A09F-9D1552591785}.Debug|x64.Build.0 = Debug|Any CPU
		{B7581427-99C4-431B-A09F-9D1552591785}.Debug|x86.ActiveCfg = Debug|Any CPU
		{B7581427-99C4-431B-A09F-9D1552591785}.Debug|x86.Build.0 = Debug|Any CPU
		{B7581427-99C4-431B-A09F-9D1552591785}.Release|Any CPU.ActiveCfg = Release|Any CPU
		{B7581427-99C4-431B-A09F-9D1552591785}.Release|Any CPU.Build.0 = Release|Any CPU
		{B7581427-99C4-431B-A09F-9D1552591785}.Release|x64.ActiveCfg = Release|Any CPU
		{B7581427-99C4-431B-A09F-9D1552591785}.Release|x64.Build.0 = Release|Any CPU
		{B7581427-99C4-431B-A09F-9D1552591785}.Release|x86.ActiveCfg = Release|Any CPU
		{B7581427-99C4-431B-A09F-9D1552591785}.Release|x86.Build.0 = Release|Any CPU
		{D2CCABCC-98B6-4E23-9629-26D4FFD1F4E9}.Debug|Any CPU.ActiveCfg = Debug|Any CPU
		{D2CCABCC-98B6-4E23-9629-26D4FFD1F4E9}.Debug|Any CPU.Build.0 = Debug|Any CPU
		{D2CCABCC-98B6-4E23-9629-26D4FFD1F4E9}.Debug|x64.ActiveCfg = Debug|Any CPU
		{D2CCABCC-98B6-4E23-9629-26D4FFD1F4E9}.Debug|x64.Build.0 = Debug|Any CPU
		{D2CCABCC-98B6-4E23-9629-26D4FFD1F4E9}.Debug|x86.ActiveCfg = Debug|Any CPU
		{D2CCABCC-98B6-4E23-9629-26D4FFD1F4E9}.Debug|x86.Build.0 = Debug|Any CPU
		{D2CCABCC-98B6-4E23-9629-26D4FFD1F4E9}.Release|Any CPU.ActiveCfg = Release|Any CPU
		{D2CCABCC-98B6-4E23-9629-26D4FFD1F4E9}.Release|Any CPU.Build.0 = Release|Any CPU
		{D2CCABCC-98B6-4E23-9629-26D4FFD1F4E9}.Release|x64.ActiveCfg = Release|Any CPU
		{D2CCABCC-98B6-4E23-9629-26D4FFD1F4E9}.Release|x64.Build.0 = Release|Any CPU
		{D2CCABCC-98B6-4E23-9629-26D4FFD1F4E9}.Release|x86.ActiveCfg = Release|Any CPU
		{D2CCABCC-98B6-4E23-9629-26D4FFD1F4E9}.Release|x86.Build.0 = Release|Any CPU
		{F8796887-D4E2-4F2C-8366-8073BF17D9D9}.Debug|Any CPU.ActiveCfg = Debug|Any CPU
		{F8796887-D4E2-4F2C-8366-8073BF17D9D9}.Debug|Any CPU.Build.0 = Debug|Any CPU
		{F8796887-D4E2-4F2C-8366-8073BF17D9D9}.Debug|x64.ActiveCfg = Debug|Any CPU
		{F8796887-D4E2-4F2C-8366-8073BF17D9D9}.Debug|x64.Build.0 = Debug|Any CPU
		{F8796887-D4E2-4F2C-8366-8073BF17D9D9}.Debug|x86.ActiveCfg = Debug|Any CPU
		{F8796887-D4E2-4F2C-8366-8073BF17D9D9}.Debug|x86.Build.0 = Debug|Any CPU
		{F8796887-D4E2-4F2C-8366-8073BF17D9D9}.Release|Any CPU.ActiveCfg = Release|Any CPU
		{F8796887-D4E2-4F2C-8366-8073BF17D9D9}.Release|Any CPU.Build.0 = Release|Any CPU
		{F8796887-D4E2-4F2C-8366-8073BF17D9D9}.Release|x64.ActiveCfg = Release|Any CPU
		{F8796887-D4E2-4F2C-8366-8073BF17D9D9}.Release|x64.Build.0 = Release|Any CPU
		{F8796887-D4E2-4F2C-8366-8073BF17D9D9}.Release|x86.ActiveCfg = Release|Any CPU
		{F8796887-D4E2-4F2C-8366-8073BF17D9D9}.Release|x86.Build.0 = Release|Any CPU
		{AB8B286E-B21F-4DB9-8C0C-D8410CE3C320}.Debug|Any CPU.ActiveCfg = Debug|Any CPU
		{AB8B286E-B21F-4DB9-8C0C-D8410CE3C320}.Debug|Any CPU.Build.0 = Debug|Any CPU
		{AB8B286E-B21F-4DB9-8C0C-D8410CE3C320}.Debug|x64.ActiveCfg = Debug|Any CPU
		{AB8B286E-B21F-4DB9-8C0C-D8410CE3C320}.Debug|x64.Build.0 = Debug|Any CPU
		{AB8B286E-B21F-4DB9-8C0C-D8410CE3C320}.Debug|x86.ActiveCfg = Debug|Any CPU
		{AB8B286E-B21F-4DB9-8C0C-D8410CE3C320}.Debug|x86.Build.0 = Debug|Any CPU
		{AB8B286E-B21F-4DB9-8C0C-D8410CE3C320}.Release|Any CPU.ActiveCfg = Release|Any CPU
		{AB8B286E-B21F-4DB9-8C0C-D8410CE3C320}.Release|Any CPU.Build.0 = Release|Any CPU
		{AB8B286E-B21F-4DB9-8C0C-D8410CE3C320}.Release|x64.ActiveCfg = Release|Any CPU
		{AB8B286E-B21F-4DB9-8C0C-D8410CE3C320}.Release|x64.Build.0 = Release|Any CPU
		{AB8B286E-B21F-4DB9-8C0C-D8410CE3C320}.Release|x86.ActiveCfg = Release|Any CPU
		{AB8B286E-B21F-4DB9-8C0C-D8410CE3C320}.Release|x86.Build.0 = Release|Any CPU
		{7A57D0E9-D9A5-4DFE-BAAF-275B9501D14B}.Debug|Any CPU.ActiveCfg = Debug|Any CPU
		{7A57D0E9-D9A5-4DFE-BAAF-275B9501D14B}.Debug|Any CPU.Build.0 = Debug|Any CPU
		{7A57D0E9-D9A5-4DFE-BAAF-275B9501D14B}.Debug|x64.ActiveCfg = Debug|Any CPU
		{7A57D0E9-D9A5-4DFE-BAAF-275B9501D14B}.Debug|x64.Build.0 = Debug|Any CPU
		{7A57D0E9-D9A5-4DFE-BAAF-275B9501D14B}.Debug|x86.ActiveCfg = Debug|Any CPU
		{7A57D0E9-D9A5-4DFE-BAAF-275B9501D14B}.Debug|x86.Build.0 = Debug|Any CPU
		{7A57D0E9-D9A5-4DFE-BAAF-275B9501D14B}.Release|Any CPU.ActiveCfg = Release|Any CPU
		{7A57D0E9-D9A5-4DFE-BAAF-275B9501D14B}.Release|Any CPU.Build.0 = Release|Any CPU
		{7A57D0E9-D9A5-4DFE-BAAF-275B9501D14B}.Release|x64.ActiveCfg = Release|Any CPU
		{7A57D0E9-D9A5-4DFE-BAAF-275B9501D14B}.Release|x64.Build.0 = Release|Any CPU
		{7A57D0E9-D9A5-4DFE-BAAF-275B9501D14B}.Release|x86.ActiveCfg = Release|Any CPU
		{7A57D0E9-D9A5-4DFE-BAAF-275B9501D14B}.Release|x86.Build.0 = Release|Any CPU
		{1B60DF8B-DB4C-41C4-AFC0-92C83F0F0A8A}.Debug|Any CPU.ActiveCfg = Debug|Any CPU
		{1B60DF8B-DB4C-41C4-AFC0-92C83F0F0A8A}.Debug|Any CPU.Build.0 = Debug|Any CPU
		{1B60DF8B-DB4C-41C4-AFC0-92C83F0F0A8A}.Debug|x64.ActiveCfg = Debug|Any CPU
		{1B60DF8B-DB4C-41C4-AFC0-92C83F0F0A8A}.Debug|x64.Build.0 = Debug|Any CPU
		{1B60DF8B-DB4C-41C4-AFC0-92C83F0F0A8A}.Debug|x86.ActiveCfg = Debug|Any CPU
		{1B60DF8B-DB4C-41C4-AFC0-92C83F0F0A8A}.Debug|x86.Build.0 = Debug|Any CPU
		{1B60DF8B-DB4C-41C4-AFC0-92C83F0F0A8A}.Release|Any CPU.ActiveCfg = Release|Any CPU
		{1B60DF8B-DB4C-41C4-AFC0-92C83F0F0A8A}.Release|Any CPU.Build.0 = Release|Any CPU
		{1B60DF8B-DB4C-41C4-AFC0-92C83F0F0A8A}.Release|x64.ActiveCfg = Release|Any CPU
		{1B60DF8B-DB4C-41C4-AFC0-92C83F0F0A8A}.Release|x64.Build.0 = Release|Any CPU
		{1B60DF8B-DB4C-41C4-AFC0-92C83F0F0A8A}.Release|x86.ActiveCfg = Release|Any CPU
		{1B60DF8B-DB4C-41C4-AFC0-92C83F0F0A8A}.Release|x86.Build.0 = Release|Any CPU
		{29195DBA-1041-4028-9D62-C6ACF77B8C2A}.Debug|Any CPU.ActiveCfg = Debug|Any CPU
		{29195DBA-1041-4028-9D62-C6ACF77B8C2A}.Debug|Any CPU.Build.0 = Debug|Any CPU
		{29195DBA-1041-4028-9D62-C6ACF77B8C2A}.Debug|x64.ActiveCfg = Debug|Any CPU
		{29195DBA-1041-4028-9D62-C6ACF77B8C2A}.Debug|x64.Build.0 = Debug|Any CPU
		{29195DBA-1041-4028-9D62-C6ACF77B8C2A}.Debug|x86.ActiveCfg = Debug|Any CPU
		{29195DBA-1041-4028-9D62-C6ACF77B8C2A}.Debug|x86.Build.0 = Debug|Any CPU
		{29195DBA-1041-4028-9D62-C6ACF77B8C2A}.Release|Any CPU.ActiveCfg = Release|Any CPU
		{29195DBA-1041-4028-9D62-C6ACF77B8C2A}.Release|Any CPU.Build.0 = Release|Any CPU
		{29195DBA-1041-4028-9D62-C6ACF77B8C2A}.Release|x64.ActiveCfg = Release|Any CPU
		{29195DBA-1041-4028-9D62-C6ACF77B8C2A}.Release|x64.Build.0 = Release|Any CPU
		{29195DBA-1041-4028-9D62-C6ACF77B8C2A}.Release|x86.ActiveCfg = Release|Any CPU
		{29195DBA-1041-4028-9D62-C6ACF77B8C2A}.Release|x86.Build.0 = Release|Any CPU
	EndGlobalSection
	GlobalSection(NestedProjects) = preSolution
		{B7581427-99C4-431B-A09F-9D1552591785} = {7C90A133-27C5-4B07-95CA-523245F4FC0F}
		{D2CCABCC-98B6-4E23-9629-26D4FFD1F4E9} = {7C90A133-27C5-4B07-95CA-523245F4FC0F}
		{F8796887-D4E2-4F2C-8366-8073BF17D9D9} = {7C90A133-27C5-4B07-95CA-523245F4FC0F}
		{AB8B286E-B21F-4DB9-8C0C-D8410CE3C320} = {7C90A133-27C5-4B07-95CA-523245F4FC0F}
		{7A57D0E9-D9A5-4DFE-BAAF-275B9501D14B} = {F66A0D66-701E-4ECA-B1B6-7E000FCF524C}
		{1B60DF8B-DB4C-41C4-AFC0-92C83F0F0A8A} = {F66A0D66-701E-4ECA-B1B6-7E000FCF524C}
		{29195DBA-1041-4028-9D62-C6ACF77B8C2A} = {7C90A133-27C5-4B07-95CA-523245F4FC0F}
	EndGlobalSection
EndGlobal
